{
    "_readme": [
        "This file locks the dependencies of your project to a known state",
        "Read more about it at https://getcomposer.org/doc/01-basic-usage.md#installing-dependencies",
        "This file is @generated automatically"
    ],
    "content-hash": "e1ab857395c50da24faac16a5c0d3f0a",
    "packages": [
        {
            "name": "cakephp/elastic-search",
            "version": "2.0.0",
            "source": {
                "type": "git",
                "url": "https://github.com/cakephp/elastic-search.git",
                "reference": "ee06cf6e1cfe46a29c944b168d5968743022ec9f"
            },
            "dist": {
                "type": "zip",
                "url": "https://api.github.com/repos/cakephp/elastic-search/zipball/ee06cf6e1cfe46a29c944b168d5968743022ec9f",
                "reference": "ee06cf6e1cfe46a29c944b168d5968743022ec9f",
                "shasum": ""
            },
            "require": {
                "ruflin/elastica": "^6.0"
            },
            "require-dev": {
                "cakephp/cakephp": "^3.6",
                "cakephp/cakephp-codesniffer": "^3.0",
                "phpunit/phpunit": "^6.0",
                "psr/log": "~1.0"
            },
            "type": "cakephp-plugin",
            "autoload": {
                "psr-4": {
                    "Cake\\ElasticSearch\\": "src"
                }
            },
            "notification-url": "https://packagist.org/downloads/",
            "license": [
                "MIT"
            ],
            "authors": [
                {
                    "name": "CakePHP Community",
                    "homepage": "https://github.com/cakephp/elastic-search/graphs/contributors"
                }
            ],
            "description": "An Elastic Search datasource and data mapper for CakePHP 3.0",
            "homepage": "https://github.com/cakephp/elastic-search",
            "keywords": [
                "cakephp",
                "elasticsearch"
            ],
            "time": "2018-09-06T12:57:03+00:00"
        },
        {
            "name": "elasticsearch/elasticsearch",
            "version": "v6.7.0",
            "source": {
                "type": "git",
                "url": "https://github.com/elastic/elasticsearch-php.git",
                "reference": "8bde3f3b821361ec75e08a3746231d87230a2d3a"
            },
            "dist": {
                "type": "zip",
                "url": "https://api.github.com/repos/elastic/elasticsearch-php/zipball/8bde3f3b821361ec75e08a3746231d87230a2d3a",
                "reference": "8bde3f3b821361ec75e08a3746231d87230a2d3a",
                "shasum": ""
            },
            "require": {
                "ext-json": ">=1.3.7",
                "guzzlehttp/ringphp": "~1.0",
                "php": "^7.0",
                "psr/log": "~1.0"
            },
            "require-dev": {
                "cpliakas/git-wrapper": "^1.7 || ^2.1",
                "doctrine/inflector": "^1.1",
                "mockery/mockery": "^1.2",
                "phpstan/phpstan-shim": "^0.9 || ^0.11",
                "phpunit/phpunit": "^5.7 || ^6.5",
                "squizlabs/php_codesniffer": "^3.4",
                "symfony/finder": "^2.8",
                "symfony/yaml": "^2.8"
            },
            "suggest": {
                "ext-curl": "*",
                "monolog/monolog": "Allows for client-level logging and tracing"
            },
            "type": "library",
            "autoload": {
                "psr-4": {
                    "Elasticsearch\\": "src/Elasticsearch/"
                }
            },
            "notification-url": "https://packagist.org/downloads/",
            "license": [
                "Apache-2.0"
            ],
            "authors": [
                {
                    "name": "Zachary Tong"
                },
                {
                    "name": "Enrico Zimuel"
                }
            ],
            "description": "PHP Client for Elasticsearch",
            "keywords": [
                "client",
                "elasticsearch",
                "search"
            ],
            "time": "2019-04-29T15:14:22+00:00"
        },
        {
            "name": "gumlet/php-image-resize",
            "version": "1.9.2",
            "source": {
                "type": "git",
                "url": "https://github.com/gumlet/php-image-resize.git",
                "reference": "06339a9c1b167acd58173db226f57957a6617547"
            },
            "dist": {
                "type": "zip",
                "url": "https://api.github.com/repos/gumlet/php-image-resize/zipball/06339a9c1b167acd58173db226f57957a6617547",
                "reference": "06339a9c1b167acd58173db226f57957a6617547",
                "shasum": ""
            },
            "require": {
                "ext-fileinfo": "*",
                "ext-gd": "*",
                "php": ">=5.5.0"
            },
            "require-dev": {
                "apigen/apigen": "^4.1",
                "ext-exif": "*",
                "ext-gd": "*",
                "php-coveralls/php-coveralls": "^2.1",
                "phpunit/phpunit": "^4.8"
            },
            "suggest": {
                "ext-exif": "Auto-rotate jpeg files"
            },
            "type": "library",
            "autoload": {
                "psr-4": {
                    "Gumlet\\": "lib/"
                }
            },
            "notification-url": "https://packagist.org/downloads/",
            "license": [
                "MIT"
            ],
            "authors": [
                {
                    "name": "Aditya Patadia",
                    "homepage": "http://aditya.patadia.org/"
                }
            ],
            "description": "PHP class to re-size and scale images",
            "homepage": "https://github.com/gumlet/php-image-resize",
            "keywords": [
                "image",
                "php",
                "resize",
                "scale"
            ],
            "time": "2019-01-01T13:53:00+00:00"
        },
        {
            "name": "guzzlehttp/ringphp",
            "version": "1.1.1",
            "source": {
                "type": "git",
                "url": "https://github.com/guzzle/RingPHP.git",
                "reference": "5e2a174052995663dd68e6b5ad838afd47dd615b"
            },
            "dist": {
                "type": "zip",
                "url": "https://api.github.com/repos/guzzle/RingPHP/zipball/5e2a174052995663dd68e6b5ad838afd47dd615b",
                "reference": "5e2a174052995663dd68e6b5ad838afd47dd615b",
                "shasum": ""
            },
            "require": {
                "guzzlehttp/streams": "~3.0",
                "php": ">=5.4.0",
                "react/promise": "~2.0"
            },
            "require-dev": {
                "ext-curl": "*",
                "phpunit/phpunit": "~4.0"
            },
            "suggest": {
                "ext-curl": "Guzzle will use specific adapters if cURL is present"
            },
            "type": "library",
            "extra": {
                "branch-alias": {
                    "dev-master": "1.1-dev"
                }
            },
            "autoload": {
                "psr-4": {
                    "GuzzleHttp\\Ring\\": "src/"
                }
            },
            "notification-url": "https://packagist.org/downloads/",
            "license": [
                "MIT"
            ],
            "authors": [
                {
                    "name": "Michael Dowling",
                    "email": "mtdowling@gmail.com",
                    "homepage": "https://github.com/mtdowling"
                }
            ],
            "description": "Provides a simple API and specification that abstracts away the details of HTTP into a single PHP function.",
            "time": "2018-07-31T13:22:33+00:00"
        },
        {
            "name": "guzzlehttp/streams",
            "version": "3.0.0",
            "source": {
                "type": "git",
                "url": "https://github.com/guzzle/streams.git",
                "reference": "47aaa48e27dae43d39fc1cea0ccf0d84ac1a2ba5"
            },
            "dist": {
                "type": "zip",
                "url": "https://api.github.com/repos/guzzle/streams/zipball/47aaa48e27dae43d39fc1cea0ccf0d84ac1a2ba5",
                "reference": "47aaa48e27dae43d39fc1cea0ccf0d84ac1a2ba5",
                "shasum": ""
            },
            "require": {
                "php": ">=5.4.0"
            },
            "require-dev": {
                "phpunit/phpunit": "~4.0"
            },
            "type": "library",
            "extra": {
                "branch-alias": {
                    "dev-master": "3.0-dev"
                }
            },
            "autoload": {
                "psr-4": {
                    "GuzzleHttp\\Stream\\": "src/"
                }
            },
            "notification-url": "https://packagist.org/downloads/",
            "license": [
                "MIT"
            ],
            "authors": [
                {
                    "name": "Michael Dowling",
                    "email": "mtdowling@gmail.com",
                    "homepage": "https://github.com/mtdowling"
                }
            ],
            "description": "Provides a simple abstraction over streams of data",
            "homepage": "http://guzzlephp.org/",
            "keywords": [
                "Guzzle",
                "stream"
            ],
            "time": "2014-10-12T19:18:40+00:00"
        },
        {
            "name": "phpmailer/phpmailer",
            "version": "v6.0.7",
            "source": {
                "type": "git",
                "url": "https://github.com/PHPMailer/PHPMailer.git",
                "reference": "0c41a36d4508d470e376498c1c0c527aa36a2d59"
            },
            "dist": {
                "type": "zip",
                "url": "https://api.github.com/repos/PHPMailer/PHPMailer/zipball/0c41a36d4508d470e376498c1c0c527aa36a2d59",
                "reference": "0c41a36d4508d470e376498c1c0c527aa36a2d59",
                "shasum": ""
            },
            "require": {
                "ext-ctype": "*",
                "ext-filter": "*",
                "php": ">=5.5.0"
            },
            "require-dev": {
                "doctrine/annotations": "1.2.*",
                "friendsofphp/php-cs-fixer": "^2.2",
                "phpdocumentor/phpdocumentor": "2.*",
                "phpunit/phpunit": "^4.8 || ^5.7",
                "zendframework/zend-eventmanager": "3.0.*",
                "zendframework/zend-i18n": "2.7.3",
                "zendframework/zend-serializer": "2.7.*"
            },
            "suggest": {
                "ext-mbstring": "Needed to send email in multibyte encoding charset",
                "hayageek/oauth2-yahoo": "Needed for Yahoo XOAUTH2 authentication",
                "league/oauth2-google": "Needed for Google XOAUTH2 authentication",
                "psr/log": "For optional PSR-3 debug logging",
                "stevenmaguire/oauth2-microsoft": "Needed for Microsoft XOAUTH2 authentication",
                "symfony/polyfill-mbstring": "To support UTF-8 if the Mbstring PHP extension is not enabled (^1.2)"
            },
            "type": "library",
            "autoload": {
                "psr-4": {
                    "PHPMailer\\PHPMailer\\": "src/"
                }
            },
            "notification-url": "https://packagist.org/downloads/",
            "license": [
                "LGPL-2.1"
            ],
            "authors": [
                {
                    "name": "Jim Jagielski",
                    "email": "jimjag@gmail.com"
                },
                {
                    "name": "Marcus Bointon",
                    "email": "phpmailer@synchromedia.co.uk"
                },
                {
                    "name": "Andy Prevost",
                    "email": "codeworxtech@users.sourceforge.net"
                },
                {
                    "name": "Brent R. Matzelle"
                }
            ],
            "description": "PHPMailer is a full-featured email creation and transfer class for PHP",
            "time": "2019-02-01T15:04:28+00:00"
        },
        {
            "name": "psr/log",
            "version": "1.1.0",
            "source": {
                "type": "git",
                "url": "https://github.com/php-fig/log.git",
                "reference": "6c001f1daafa3a3ac1d8ff69ee4db8e799a654dd"
            },
            "dist": {
                "type": "zip",
                "url": "https://api.github.com/repos/php-fig/log/zipball/6c001f1daafa3a3ac1d8ff69ee4db8e799a654dd",
                "reference": "6c001f1daafa3a3ac1d8ff69ee4db8e799a654dd",
                "shasum": ""
            },
            "require": {
                "php": ">=5.3.0"
            },
            "type": "library",
            "extra": {
                "branch-alias": {
                    "dev-master": "1.0.x-dev"
                }
            },
            "autoload": {
                "psr-4": {
                    "Psr\\Log\\": "Psr/Log/"
                }
            },
            "notification-url": "https://packagist.org/downloads/",
            "license": [
                "MIT"
            ],
            "authors": [
                {
                    "name": "PHP-FIG",
                    "homepage": "http://www.php-fig.org/"
                }
            ],
            "description": "Common interface for logging libraries",
            "homepage": "https://github.com/php-fig/log",
            "keywords": [
                "log",
                "psr",
                "psr-3"
            ],
            "time": "2018-11-20T15:27:04+00:00"
        },
        {
            "name": "react/promise",
            "version": "v2.7.1",
            "source": {
                "type": "git",
                "url": "https://github.com/reactphp/promise.git",
                "reference": "31ffa96f8d2ed0341a57848cbb84d88b89dd664d"
            },
            "dist": {
                "type": "zip",
                "url": "https://api.github.com/repos/reactphp/promise/zipball/31ffa96f8d2ed0341a57848cbb84d88b89dd664d",
                "reference": "31ffa96f8d2ed0341a57848cbb84d88b89dd664d",
                "shasum": ""
            },
            "require": {
                "php": ">=5.4.0"
            },
            "require-dev": {
                "phpunit/phpunit": "~4.8"
            },
            "type": "library",
            "autoload": {
                "psr-4": {
                    "React\\Promise\\": "src/"
                },
                "files": [
                    "src/functions_include.php"
                ]
            },
            "notification-url": "https://packagist.org/downloads/",
            "license": [
                "MIT"
            ],
            "authors": [
                {
                    "name": "Jan Sorgalla",
                    "email": "jsorgalla@gmail.com"
                }
            ],
            "description": "A lightweight implementation of CommonJS Promises/A for PHP",
            "keywords": [
                "promise",
                "promises"
            ],
            "time": "2019-01-07T21:25:54+00:00"
        },
        {
            "name": "ruflin/elastica",
            "version": "6.1.1",
            "source": {
                "type": "git",
                "url": "https://github.com/ruflin/Elastica.git",
                "reference": "333dff62346adf835c0a0fd198e8c9f9ec8da65a"
            },
            "dist": {
                "type": "zip",
                "url": "https://api.github.com/repos/ruflin/Elastica/zipball/333dff62346adf835c0a0fd198e8c9f9ec8da65a",
                "reference": "333dff62346adf835c0a0fd198e8c9f9ec8da65a",
                "shasum": ""
            },
            "require": {
                "elasticsearch/elasticsearch": "^6.0",
                "php": "^7.0",
                "psr/log": "~1.0"
            },
            "require-dev": {
                "aws/aws-sdk-php": "~3.0",
                "guzzlehttp/guzzle": "~6.0"
            },
            "suggest": {
                "aws/aws-sdk-php": "Allow using IAM authentication with Amazon ElasticSearch Service",
                "egeloen/http-adapter": "Allow using httpadapter transport",
                "guzzlehttp/guzzle": "Allow using guzzle 6 as the http transport",
                "monolog/monolog": "Logging request"
            },
            "type": "library",
            "extra": {
                "branch-alias": {
                    "dev-master": "6.0.x-dev"
                }
            },
            "autoload": {
                "psr-4": {
                    "Elastica\\": "lib/Elastica/"
                }
            },
            "notification-url": "https://packagist.org/downloads/",
            "license": [
                "MIT"
            ],
            "authors": [
                {
                    "name": "Nicolas Ruflin",
                    "homepage": "http://ruflin.com/"
                }
            ],
            "description": "Elasticsearch Client",
            "homepage": "http://elastica.io/",
            "keywords": [
                "client",
                "search"
            ],
            "time": "2019-01-29T09:38:03+00:00"
        },
        {
            "name": "spipu/html2pdf",
            "version": "v5.2.4",
            "source": {
                "type": "git",
                "url": "https://github.com/spipu/html2pdf.git",
                "reference": "dcb5671cac3d60ff486cf16df389e3bd0dc16ba4"
            },
            "dist": {
                "type": "zip",
                "url": "https://api.github.com/repos/spipu/html2pdf/zipball/dcb5671cac3d60ff486cf16df389e3bd0dc16ba4",
                "reference": "dcb5671cac3d60ff486cf16df389e3bd0dc16ba4",
                "shasum": ""
            },
            "require": {
                "ext-gd": "*",
                "ext-mbstring": "*",
                "php": "^5.6 || ^7.0 || ^8.0",
                "tecnickcom/tcpdf": "^6.3"
            },
            "require-dev": {
                "phake/phake": "^2.0",
                "phpunit/phpunit": "^5.0"
            },
            "suggest": {
                "ext-gd": "Allows to embed images into the PDF",
                "fagundes/zff-html2pdf": "if you need to integrate Html2Pdf with Zend Framework 2 (zf2)"
            },
            "type": "library",
            "autoload": {
                "psr-4": {
                    "Spipu\\Html2Pdf\\": "src/"
                }
            },
            "notification-url": "https://packagist.org/downloads/",
            "license": [
                "OSL-3.0"
            ],
            "authors": [
                {
                    "name": "Spipu",
                    "homepage": "https://github.com/spipu",
                    "role": "Developer"
                }
            ],
            "description": "Html2Pdf is a HTML to PDF converter written in PHP5 (it uses TCPDF). OFFICIAL PACKAGE",
            "homepage": "http://html2pdf.fr/",
            "keywords": [
                "html",
                "html2pdf",
                "pdf"
            ],
            "support": {
                "issues": "https://github.com/spipu/html2pdf/issues",
                "source": "https://github.com/spipu/html2pdf/tree/v5.2.4"
            },
            "time": "2021-12-16T15:23:31+00:00"
        },
        {
            "name": "tecnickcom/tcpdf",
            "version": "6.4.4",
            "source": {
                "type": "git",
                "url": "https://github.com/tecnickcom/TCPDF.git",
                "reference": "42cd0f9786af7e5db4fcedaa66f717b0d0032320"
            },
            "dist": {
                "type": "zip",
                "url": "https://api.github.com/repos/tecnickcom/TCPDF/zipball/42cd0f9786af7e5db4fcedaa66f717b0d0032320",
                "reference": "42cd0f9786af7e5db4fcedaa66f717b0d0032320",
                "shasum": ""
            },
            "require": {
                "php": ">=5.3.0"
            },
            "type": "library",
            "autoload": {
                "classmap": [
                    "config",
                    "include",
                    "tcpdf.php",
                    "tcpdf_parser.php",
                    "tcpdf_import.php",
                    "tcpdf_barcodes_1d.php",
                    "tcpdf_barcodes_2d.php",
                    "include/tcpdf_colors.php",
                    "include/tcpdf_filters.php",
                    "include/tcpdf_font_data.php",
                    "include/tcpdf_fonts.php",
                    "include/tcpdf_images.php",
                    "include/tcpdf_static.php",
                    "include/barcodes/datamatrix.php",
                    "include/barcodes/pdf417.php",
                    "include/barcodes/qrcode.php"
                ]
            },
            "notification-url": "https://packagist.org/downloads/",
            "license": [
                "LGPL-3.0-only"
            ],
            "authors": [
                {
                    "name": "Nicola Asuni",
                    "email": "info@tecnick.com",
                    "role": "lead"
                }
            ],
            "description": "TCPDF is a PHP class for generating PDF documents and barcodes.",
            "homepage": "http://www.tcpdf.org/",
            "keywords": [
                "PDFD32000-2008",
                "TCPDF",
                "barcodes",
                "datamatrix",
                "pdf",
                "pdf417",
                "qrcode"
            ],
            "support": {
                "issues": "https://github.com/tecnickcom/TCPDF/issues",
                "source": "https://github.com/tecnickcom/TCPDF/tree/6.4.4"
            },
            "funding": [
                {
                    "url": "https://www.paypal.com/cgi-bin/webscr?cmd=_donations&currency_code=GBP&business=paypal@tecnick.com&item_name=donation%20for%20tcpdf%20project",
                    "type": "custom"
                }
            ],
            "time": "2021-12-31T08:39:24+00:00"
        }
    ],
    "packages-dev": [],
    "aliases": [],
    "minimum-stability": "stable",
    "stability-flags": [],
    "prefer-stable": false,
    "prefer-lowest": false,
    "platform": [],
    "platform-dev": [],
    "plugin-api-version": "2.2.0"
}
